<Solution>
  <Folder Name="/.ci/">
    <File Path="AGENTS.md" />
    <File Path="azure-pipelines-mergetest.yml" />
    <File Path="azure-pipelines-release.yml" />
    <File Path="Directory.Build.props" />
    <File Path="global.json" />
    <File Path="README.md" />
  </Folder>
  <Project Path="DSoft.Maui.ContextMenu.Sample/DSoft.Maui.ContextMenu.Sample.csproj">
    <Deploy />
  </Project>
  <Project Path="DSoft.Maui.ContextMenu/DSoft.Maui.ContextMenu.csproj" />
</Solution>
